
Microsoft Visual Studio Solution File, Format Version 12.00
# Visual Studio 15
VisualStudioVersion = 15.0.27130.2036
MinimumVisualStudioVersion = 10.0.40219.1
Project("{FAE04EC0-301F-11D3-BF4B-00C04F79EFBC}") = "ERC.Selenium", "ERCSelenium\ERC.Selenium.csproj", "{1926EF72-EE79-4606-913B-7A6A6054DE9B}"
EndProject
Project("{2150E333-8FDC-42A3-9474-1A3956D46DE8}") = "Solution Items", "Solution Items", "{11562453-0F42-49F3-A942-0CB1999CE86A}"
	ProjectSection(SolutionItems) = preProject
		ERCSelenium\ERC.Selenium.Run.runsettings = ERCSelenium\ERC.Selenium.Run.runsettings
		ERC.Selenium.Settings.testsettings = ERC.Selenium.Settings.testsettings
	EndProjectSection
EndProject
Global
	GlobalSection(SolutionConfigurationPlatforms) = preSolution
		Debug|Any CPU = Debug|Any CPU
		Release|Any CPU = Release|Any CPU
	EndGlobalSection
	GlobalSection(ProjectConfigurationPlatforms) = postSolution
		{1926EF72-EE79-4606-913B-7A6A6054DE9B}.Debug|Any CPU.ActiveCfg = Debug|Any CPU
		{1926EF72-EE79-4606-913B-7A6A6054DE9B}.Debug|Any CPU.Build.0 = Debug|Any CPU
		{1926EF72-EE79-4606-913B-7A6A6054DE9B}.Release|Any CPU.ActiveCfg = Release|Any CPU
		{1926EF72-EE79-4606-913B-7A6A6054DE9B}.Release|Any CPU.Build.0 = Release|Any CPU
	EndGlobalSection
	GlobalSection(SolutionProperties) = preSolution
		HideSolutionNode = FALSE
	EndGlobalSection
	GlobalSection(ExtensibilityGlobals) = postSolution
		SolutionGuid = {E9E21318-9683-4E3C-BCF6-92B952C629FB}
	EndGlobalSection
EndGlobal
